// !$*UTF8*$!
{
	archiveVersion = 1;
	classes = {
	};
	objectVersion = 48;
	objects = {

/* Begin PBXBuildFile section */
		024E9CA91F905C6F005B1E86 /* AppDelegate.m in Sources */ = {isa = PBXBuildFile; fileRef = 024E9CA81F905C6F005B1E86 /* AppDelegate.m */; };
		024E9CAC1F905C6F005B1E86 /* ViewController.m in Sources */ = {isa = PBXBuildFile; fileRef = 024E9CAB1F905C6F005B1E86 /* ViewController.m */; };
		024E9CAF1F905C6F005B1E86 /* Main.storyboard in Resources */ = {isa = PBXBuildFile; fileRef = 024E9CAD1F905C6F005B1E86 /* Main.storyboard */; };
		024E9CB11F905C6F005B1E86 /* Assets.xcassets in Resources */ = {isa = PBXBuildFile; fileRef = 024E9CB01F905C6F005B1E86 /* Assets.xcassets */; };
		024E9CB41F905C6F005B1E86 /* LaunchScreen.storyboard in Resources */ = {isa = PBXBuildFile; fileRef = 024E9CB21F905C6F005B1E86 /* LaunchScreen.storyboard */; };
		024E9CB71F905C6F005B1E86 /* main.m in Sources */ = {isa = PBXBuildFile; fileRef = 024E9CB61F905C6F005B1E86 /* main.m */; };
		024E9CBF1F905C81005B1E86 /* UIView+DR_CustomBlockAnimations.m in Sources */ = {isa = PBXBuildFile; fileRef = 024E9CBE1F905C81005B1E86 /* UIView+DR_CustomBlockAnimations.m */; };
/* End PBXBuildFile section */

/* Begin PBXFileReference section */
		024E9CA41F905C6F005B1E86 /* AnimationDemo.app */ = {isa = PBXFileReference; explicitFileType = wrapper.application; includeInIndex = 0; path = AnimationDemo.app; sourceTree = BUILT_PRODUCTS_DIR; };
		024E9CA71F905C6F005B1E86 /* AppDelegate.h */ = {isa = PBXFileReference; lastKnownFileType = sourcecode.c.h; path = AppDelegate.h; sourceTree = "<group>"; };
		024E9CA81F905C6F005B1E86 /* AppDelegate.m */ = {isa = PBXFileReference; lastKnownFileType = sourcecode.c.objc; path = AppDelegate.m; sourceTree = "<group>"; };
		024E9CAA1F905C6F005B1E86 /* ViewController.h */ = {isa = PBXFileReference; lastKnownFileType = sourcecode.c.h; path = ViewController.h; sourceTree = "<group>"; };
		024E9CAB1F905C6F005B1E86 /* ViewController.m */ = {isa = PBXFileReference; lastKnownFileType = sourcecode.c.objc; path = ViewController.m; sourceTree = "<group>"; };
		024E9CAE1F905C6F005B1E86 /* Base */ = {isa = PBXFileReference; lastKnownFileType = file.storyboard; name = Base; path = Base.lproj/Main.storyboard; sourceTree = "<group>"; };
		024E9CB01F905C6F005B1E86 /* Assets.xcassets */ = {isa = PBXFileReference; lastKnownFileType = folder.assetcatalog; path = Assets.xcassets; sourceTree = "<group>"; };
		024E9CB31F905C6F005B1E86 /* Base */ = {isa = PBXFileReference; lastKnownFileType = file.storyboard; name = Base; path = Base.lproj/LaunchScreen.storyboard; sourceTree = "<group>"; };
		024E9CB51F905C6F005B1E86 /* Info.plist */ = {isa = PBXFileReference; lastKnownFileType = text.plist.xml; path = Info.plist; sourceTree = "<group>"; };
		024E9CB61F905C6F005B1E86 /* main.m */ = {isa = PBXFileReference; lastKnownFileType = sourcecode.c.objc; path = main.m; sourceTree = "<group>"; };
		024E9CBD1F905C81005B1E86 /* UIView+DR_CustomBlockAnimations.h */ = {isa = PBXFileReference; lastKnownFileType = sourcecode.c.h; path = "UIView+DR_CustomBlockAnimations.h"; sourceTree = "<group>"; };
		024E9CBE1F905C81005B1E86 /* UIView+DR_CustomBlockAnimations.m */ = {isa = PBXFileReference; lastKnownFileType = sourcecode.c.objc; path = "UIView+DR_CustomBlockAnimations.m"; sourceTree = "<group>"; };
/* End PBXFileReference section */

/* Begin PBXFrameworksBuildPhase section */
		024E9CA11F905C6F005B1E86 /* Frameworks */ = {
			isa = PBXFrameworksBuildPhase;
			buildActionMask = 2147483647;
			files = (
			);
			runOnlyForDeploymentPostprocessing = 0;
		};
/* End PBXFrameworksBuildPhase section */

/* Begin PBXGroup section */
		024E9C9B1F905C6F005B1E86 = {
			isa = PBXGroup;
			children = (
				024E9CA61F905C6F005B1E86 /* AnimationDemo */,
				024E9CA51F905C6F005B1E86 /* Products */,
			);
			sourceTree = "<group>";
		};
		024E9CA51F905C6F005B1E86 /* Products */ = {
			isa = PBXGroup;
			children = (
				024E9CA41F905C6F005B1E86 /* AnimationDemo.app */,
			);
			name = Products;
			sourceTree = "<group>";
		};
		024E9CA61F905C6F005B1E86 /* AnimationDemo */ = {
			isa = PBXGroup;
			children = (
				024E9CA71F905C6F005B1E86 /* AppDelegate.h */,
				024E9CA81F905C6F005B1E86 /* AppDelegate.m */,
				024E9CAA1F905C6F005B1E86 /* ViewController.h */,
				024E9CAB1F905C6F005B1E86 /* ViewController.m */,
				024E9CAD1F905C6F005B1E86 /* Main.storyboard */,
				024E9CB01F905C6F005B1E86 /* Assets.xcassets */,
				024E9CB21F905C6F005B1E86 /* LaunchScreen.storyboard */,
				024E9CB51F905C6F005B1E86 /* Info.plist */,
				024E9CB61F905C6F005B1E86 /* main.m */,
				024E9CBD1F905C81005B1E86 /* UIView+DR_CustomBlockAnimations.h */,
				024E9CBE1F905C81005B1E86 /* UIView+DR_CustomBlockAnimations.m */,
			);
			path = AnimationDemo;
			sourceTree = "<group>";
		};
/* End PBXGroup section */

/* Begin PBXNativeTarget section */
		024E9CA31F905C6F005B1E86 /* AnimationDemo */ = {
			isa = PBXNativeTarget;
			buildConfigurationList = 024E9CBA1F905C6F005B1E86 /* Build configuration list for PBXNativeTarget "AnimationDemo" */;
			buildPhases = (
				024E9CA01F905C6F005B1E86 /* Sources */,
				024E9CA11F905C6F005B1E86 /* Frameworks */,
				024E9CA21F905C6F005B1E86 /* Resources */,
			);
			buildRules = (
			);
			dependencies = (
			);
			name = AnimationDemo;
			productName = AnimationDemo;
			productReference = 024E9CA41F905C6F005B1E86 /* AnimationDemo.app */;
			productType = "com.apple.product-type.application";
		};
/* End PBXNativeTarget section */

/* Begin PBXProject section */
		024E9C9C1F905C6F005B1E86 /* Project object */ = {
			isa = PBXProject;
			attributes = {
				LastUpgradeCheck = 0900;
				ORGANIZATIONNAME = huajiao;
				TargetAttributes = {
					024E9CA31F905C6F005B1E86 = {
						CreatedOnToolsVersion = 9.0;
						ProvisioningStyle = Automatic;
					};
				};
			};
			buildConfigurationList = 024E9C9F1F905C6F005B1E86 /* Build configuration list for PBXProject "AnimationDemo" */;
			compatibilityVersion = "Xcode 8.0";
			developmentRegion = en;
			hasScannedForEncodings = 0;
			knownRegions = (
				en,
				Base,
			);
			mainGroup = 024E9C9B1F905C6F005B1E86;
			productRefGroup = 024E9CA51F905C6F005B1E86 /* Products */;
			projectDirPath = "";
			projectRoot = "";
			targets = (
				024E9CA31F905C6F005B1E86 /* AnimationDemo */,
			);
		};
/* End PBXProject section */

/* Begin PBXResourcesBuildPhase section */
		024E9CA21F905C6F005B1E86 /* Resources */ = {
			isa = PBXResourcesBuildPhase;
			buildActionMask = 2147483647;
			files = (
				024E9CB41F905C6F005B1E86 /* LaunchScreen.storyboard in Resources */,
				024E9CB11F905C6F005B1E86 /* Assets.xcassets in Resources */,
				024E9CAF1F905C6F005B1E86 /* Main.storyboard in Resources */,
			);
			runOnlyForDeploymentPostprocessing = 0;
		};
/* End PBXResourcesBuildPhase section */

/* Begin PBXSourcesBuildPhase section */
		024E9CA01F905C6F005B1E86 /* Sources */ = {
			isa = PBXSourcesBuildPhase;
			buildActionMask = 2147483647;
			files = (
				024E9CAC1F905C6F005B1E86 /* ViewController.m in Sources */,
				024E9CB71F905C6F005B1E86 /* main.m in Sources */,
				024E9CBF1F905C81005B1E86 /* UIView+DR_CustomBlockAnimations.m in Sources */,
				024E9CA91F905C6F005B1E86 /* AppDelegate.m in Sources */,
			);
			runOnlyForDeploymentPostprocessing = 0;
		};
/* End PBXSourcesBuildPhase section */

/* Begin PBXVariantGroup section */
		024E9CAD1F905C6F005B1E86 /* Main.storyboard */ = {
			isa = PBXVariantGroup;
			children = (
				024E9CAE1F905C6F005B1E86 /* Base */,
			);
			name = Main.storyboard;
			sourceTree = "<group>";
		};
		024E9CB21F905C6F005B1E86 /* LaunchScreen.storyboard */ = {
			isa = PBXVariantGroup;
			children = (
				024E9CB31F905C6F005B1E86 /* Base */,
			);
			name = LaunchScreen.storyboard;
			sourceTree = "<group>";
		};
/* End PBXVariantGroup section */

/* Begin XCBuildConfiguration section */
		024E9CB81F905C6F005B1E86 /* Debug */ = {
			isa = XCBuildConfiguration;
			buildSettings = {
				ALWAYS_SEARCH_USER_PATHS = NO;
				CLANG_ANALYZER_NONNULL = YES;
				CLANG_ANALYZER_NUMBER_OBJECT_CONVERSION = YES_AGGRESSIVE;
				CLANG_CXX_LANGUAGE_STANDARD = "gnu++14";
				CLANG_CXX_LIBRARY = "libc++";
				CLANG_ENABLE_MODULES = YES;
				CLANG_ENABLE_OBJC_ARC = YES;
				CLANG_WARN_BLOCK_CAPTURE_AUTORELEASING = YES;
				CLANG_WARN_BOOL_CONVERSION = YES;
				CLANG_WARN_COMMA = YES;
				CLANG_WARN_CONSTANT_CONVERSION = YES;
				CLANG_WARN_DIRECT_OBJC_ISA_USAGE = YES_ERROR;
				CLANG_WARN_DOCUMENTATION_COMMENTS = YES;
				CLANG_WARN_EMPTY_BODY = YES;
				CLANG_WARN_ENUM_CONVERSION = YES;
				CLANG_WARN_INFINITE_RECURSION = YES;
				CLANG_WARN_INT_CONVERSION = YES;
				CLANG_WARN_NON_LITERAL_NULL_CONVERSION = YES;
				CLANG_WARN_OBJC_LITERAL_CONVERSION = YES;
				CLANG_WARN_OBJC_ROOT_CLASS = YES_ERROR;
				CLANG_WARN_RANGE_LOOP_ANALYSIS = YES;
				CLANG_WARN_STRICT_PROTOTYPES = YES;
				CLANG_WARN_SUSPICIOUS_MOVE = YES;
				CLANG_WARN_UNGUARDED_AVAILABILITY = YES_AGGRESSIVE;
				CLANG_WARN_UNREACHABLE_CODE = YES;
				CLANG_WARN__DUPLICATE_METHOD_MATCH = YES;
				CODE_SIGN_IDENTITY = "iPhone Developer";
				COPY_PHASE_STRIP = NO;
				DEBUG_INFORMATION_FORMAT = dwarf;
				ENABLE_STRICT_OBJC_MSGSEND = YES;
				ENABLE_TESTABILITY = YES;
				GCC_C_LANGUAGE_STANDARD = gnu11;
				GCC_DYNAMIC_NO_PIC = NO;
				GCC_NO_COMMON_BLOCKS = YES;
				GCC_OPTIMIZATION_LEVEL = 0;
				GCC_PREPROCESSOR_DEFINITIONS = (
					"DEBUG=1",
					"$(inherited)",
				);
				GCC_WARN_64_TO_32_BIT_CONVERSION = YES;
				GCC_WARN_ABOUT_RETURN_TYPE = YES_ERROR;
				GCC_WARN_UNDECLARED_SELECTOR = YES;
				GCC_WARN_UNINITIALIZED_AUTOS = YES_AGGRESSIVE;
				GCC_WARN_UNUSED_FUNCTION = YES;
				GCC_WARN_UNUSED_VARIABLE = YES;
				IPHONEOS_DEPLOYMENT_TARGET = 11.0;
				MTL_ENABLE_DEBUG_INFO = YES;
				ONLY_ACTIVE_ARCH = YES;
				SDKROOT = iphoneos;
			};
			name = Debug;
		};
		024E9CB91F905C6F005B1E86 /* Release */ = {
			isa = XCBuildConfiguration;
			buildSettings = {
				ALWAYS_SEARCH_USER_PATHS = NO;
				CLANG_ANALYZER_NONNULL = YES;
				CLANG_ANALYZER_NUMBER_OBJECT_CONVERSION = YES_AGGRESSIVE;
				CLANG_CXX_LANGUAGE_STANDARD = "gnu++14";
				CLANG_CXX_LIBRARY = "libc++";
				CLANG_ENABLE_MODULES = YES;
				CLANG_ENABLE_OBJC_ARC = YES;
				CLANG_WARN_BLOCK_CAPTURE_AUTORELEASING = YES;
				CLANG_WARN_BOOL_CONVERSION = YES;
				CLANG_WARN_COMMA = YES;
				CLANG_WARN_CONSTANT_CONVERSION = YES;
				CLANG_WARN_DIRECT_OBJC_ISA_USAGE = YES_ERROR;
				CLANG_WARN_DOCUMENTATION_COMMENTS = YES;
				CLANG_WARN_EMPTY_BODY = YES;
				CLANG_WARN_ENUM_CONVERSION = YES;
				CLANG_WARN_INFINITE_RECURSION = YES;
				CLANG_WARN_INT_CONVERSION = YES;
				CLANG_WARN_NON_LITERAL_NULL_CONVERSION = YES;
				CLANG_WARN_OBJC_LITERAL_CONVERSION = YES;
				CLANG_WARN_OBJC_ROOT_CLASS = YES_ERROR;
				CLANG_WARN_RANGE_LOOP_ANALYSIS = YES;
				CLANG_WARN_STRICT_PROTOTYPES = YES;
				CLANG_WARN_SUSPICIOUS_MOVE = YES;
				CLANG_WARN_UNGUARDED_AVAILABILITY = YES_AGGRESSIVE;
				CLANG_WARN_UNREACHABLE_CODE = YES;
				CLANG_WARN__DUPLICATE_METHOD_MATCH = YES;
				CODE_SIGN_IDENTITY = "iPhone Developer";
				COPY_PHASE_STRIP = NO;
				DEBUG_INFORMATION_FORMAT = "dwarf-with-dsym";
				ENABLE_NS_ASSERTIONS = NO;
				ENABLE_STRICT_OBJC_MSGSEND = YES;
				GCC_C_LANGUAGE_STANDARD = gnu11;
				GCC_NO_COMMON_BLOCKS = YES;
				GCC_WARN_64_TO_32_BIT_CONVERSION = YES;
				GCC_WARN_ABOUT_RETURN_TYPE = YES_ERROR;
				GCC_WARN_UNDECLARED_SELECTOR = YES;
				GCC_WARN_UNINITIALIZED_AUTOS = YES_AGGRESSIVE;
				GCC_WARN_UNUSED_FUNCTION = YES;
				GCC_WARN_UNUSED_VARIABLE = YES;
				IPHONEOS_DEPLOYMENT_TARGET = 11.0;
				MTL_ENABLE_DEBUG_INFO = NO;
				SDKROOT = iphoneos;
				VALIDATE_PRODUCT = YES;
			};
			name = Release;
		};
		024E9CBB1F905C6F005B1E86 /* Debug */ = {
			isa = XCBuildConfiguration;
			buildSettings = {
				ASSETCATALOG_COMPILER_APPICON_NAME = AppIcon;
				CODE_SIGN_STYLE = Automatic;
				DEVELOPMENT_TEAM = 48E3LB8PD7;
				INFOPLIST_FILE = AnimationDemo/Info.plist;
				LD_RUNPATH_SEARCH_PATHS = "$(inherited) @executable_path/Frameworks";
				PRODUCT_BUNDLE_IDENTIFIER = com.huajiao.cerko.AnimationDemo;
				PRODUCT_NAME = "$(TARGET_NAME)";
				TARGETED_DEVICE_FAMILY = "1,2";
			};
			name = Debug;
		};
		024E9CBC1F905C6F005B1E86 /* Release */ = {
			isa = XCBuildConfiguration;
			buildSettings = {
				ASSETCATALOG_COMPILER_APPICON_NAME = AppIcon;
				CODE_SIGN_STYLE = Automatic;
				DEVELOPMENT_TEAM = 48E3LB8PD7;
				INFOPLIST_FILE = AnimationDemo/Info.plist;
				LD_RUNPATH_SEARCH_PATHS = "$(inherited) @executable_path/Frameworks";
				PRODUCT_BUNDLE_IDENTIFIER = com.huajiao.cerko.AnimationDemo;
				PRODUCT_NAME = "$(TARGET_NAME)";
				TARGETED_DEVICE_FAMILY = "1,2";
			};
			name = Release;
		};
/* End XCBuildConfiguration section */

/* Begin XCConfigurationList section */
		024E9C9F1F905C6F005B1E86 /* Build configuration list for PBXProject "AnimationDemo" */ = {
			isa = XCConfigurationList;
			buildConfigurations = (
				024E9CB81F905C6F005B1E86 /* Debug */,
				024E9CB91F905C6F005B1E86 /* Release */,
			);
			defaultConfigurationIsVisible = 0;
			defaultConfigurationName = Release;
		};
		024E9CBA1F905C6F005B1E86 /* Build configuration list for PBXNativeTarget "AnimationDemo" */ = {
			isa = XCConfigurationList;
			buildConfigurations = (
				024E9CBB1F905C6F005B1E86 /* Debug */,
				024E9CBC1F905C6F005B1E86 /* Release */,
			);
			defaultConfigurationIsVisible = 0;
			defaultConfigurationName = Release;
		};
/* End XCConfigurationList section */
	};
	rootObject = 024E9C9C1F905C6F005B1E86 /* Project object */;
}
